# This file was autogenerated by uv via the following command:
#    uv pip compile requirements.txt --output-file uv.lock
blinker==1.9.0
    # via flask
click==8.3.0
    # via flask
colorama==0.4.6
    # via click
contourpy==1.3.2
    # via matplotlib
cycler==0.12.1
    # via matplotlib
flask==3.0.0
    # via -r requirements.txt
fonttools==4.60.1
    # via matplotlib
itsdangerous==2.2.0
    # via flask
jinja2==3.1.6
    # via flask
kiwisolver==1.4.9
    # via matplotlib
markupsafe==3.0.3
    # via
    #   jinja2
    #   werkzeug
matplotlib==3.7.1
    # via -r requirements.txt
numpy==1.24.3
    # via
    #   -r requirements.txt
    #   contourpy
    #   matplotlib
packaging==25.0
    # via matplotlib
pillow==12.0.0
    # via matplotlib
pyparsing==3.2.5
    # via matplotlib
python-dateutil==2.9.0.post0
    # via matplotlib
python-dotenv==1.0.0
    # via -r requirements.txt
six==1.17.0
    # via python-dateutil
werkzeug==3.1.3
    # via flask
